{
  "version": 4,
  "terraform_version": "1.1.7",
  "serial": 6,
  "lineage": "2a04071c-7d83-9be4-f86f-74d60a3f204e",
  "outputs": {},
  "resources": [
    {
      "mode": "managed",
      "type": "digitalocean_app",
      "name": "golang-sample",
      "provider": "provider[\"registry.terraform.io/digitalocean/digitalocean\"]",
      "instances": [
        {
          "schema_version": 0,
          "attributes": {
            "active_deployment_id": "51967aa7-acc8-41ff-bba9-e1ef0d0a8b15",
            "created_at": "2022-04-13 14:45:09 +0000 UTC",
            "default_ingress": "https://golang-sample-3ir6k.ondigitalocean.app",
            "id": "de450455-c283-4cea-8aef-7126bf5570bd",
            "live_url": "https://golang-sample-3ir6k.ondigitalocean.app",
            "spec": [
              {
                "alert": [],
                "database": [],
                "domain": [],
                "domains": [],
                "env": [],
                "job": [],
                "name": "golang-sample",
                "region": "ams",
                "service": [
                  {
                    "alert": [],
                    "build_command": "",
                    "cors": [],
                    "dockerfile_path": "",
                    "env": [],
                    "environment_slug": "go",
                    "git": [
                      {
                        "branch": "main",
                        "repo_clone_url": "https://github.com/digitalocean/sample-golang.git"
                      }
                    ],
                    "github": [],
                    "gitlab": [],
                    "health_check": [],
                    "http_port": 8080,
                    "image": [],
                    "instance_count": 1,
                    "instance_size_slug": "professional-xs",
                    "internal_ports": [],
                    "log_destination": [],
                    "name": "go-service",
                    "routes": [
                      {
                        "path": "/",
                        "preserve_path_prefix": false
                      }
                    ],
                    "run_command": "",
                    "source_dir": ""
                  }
                ],
                "static_site": [],
                "worker": []
              }
            ],
            "timeouts": null,
            "updated_at": "2022-04-13 14:46:52 +0000 UTC"
          },
          "sensitive_attributes": [],
          "private": "eyJlMmJmYjczMC1lY2FhLTExZTYtOGY4OC0zNDM2M2JjN2M0YzAiOnsiY3JlYXRlIjoxODAwMDAwMDAwMDAwfX0="
        }
      ]
    },
    {
      "mode": "managed",
      "type": "digitalocean_ssh_key",
      "name": "key",
      "provider": "provider[\"registry.terraform.io/digitalocean/digitalocean\"]",
      "instances": [
        {
          "schema_version": 0,
          "attributes": {
            "fingerprint": "c3:91:b7:5f:90:ac:ad:ee:e5:d3:1b:e4:ec:84:a3:2b",
            "id": "34230369",
            "name": "key",
            "public_key": "ssh-rsa AAAAB3NzaC1yc2EAAAADAQABAAABgQCg9or94k8UTm6myUeFZ5cbv5t+gh6n/bWA6J8QZlr+dZRm/ChoNm7vdi9YVbMSDUMho3ujpXajhmAGeQoH3pphfEJmfQnup+tHLlvmJNYENRFEZQVaV4xmMfg7zjYnA3ik5qpJiHAcSmDksxbiIjU8YhX9hE9gOf1IFM+jPYBcS6muazzIBTwfs9ew3fldngIQKVe8hGva3Bn098RcUUCisbIe5MS9vlAk7uQDrDsXKPIMT4RJc9gaL7GXrZ0t5bHxbapMGfEMrULVaKpEzGPw1fMF2Vd4lnhhXRCxUcaOEaeiDvnDLT+f+AXw+2SpRNAKQI94ONRZEyEv0bEehBrgwpFcnSwg+6NWYBDWEdddH1BF1hxk9YZloyOdt63RX81j1HXpL1jJN7CBGh45NJbm0/ZXF2tJSQKsOho9UNbbSRppLTD2OwN6V3tHKzjWUj7eRymi8kx46XERjUtpf7njoaqzsx4P1qpTo4zTDiWQQ/YVjeW/sRj8h9SBSNgxnIc= lucatonnyr@lucatonnyr"
          },
          "sensitive_attributes": [],
          "private": "bnVsbA=="
        }
      ]
    }
  ]
}
